
Microsoft Visual Studio Solution File, Format Version 12.00
# Visual Studio 15
VisualStudioVersion = 15.0.26124.0
MinimumVisualStudioVersion = 15.0.26124.0
Project("{FAE04EC0-301F-11D3-BF4B-00C04F79EFBC}") = "R5T.Siscia.Construction", "R5T.Siscia.Construction\R5T.Siscia.Construction.csproj", "{953C1921-F681-4129-A2C7-3A8BE4D1BB43}"
EndProject
Project("{FAE04EC0-301F-11D3-BF4B-00C04F79EFBC}") = "R5T.Siscia", "R5T.Siscia\R5T.Siscia.csproj", "{3084BD95-FD7A-47BD-948E-47484FEEEAE7}"
EndProject
Project("{FAE04EC0-301F-11D3-BF4B-00C04F79EFBC}") = "R5T.Siscia.Testing", "R5T.Siscia.Testing\R5T.Siscia.Testing.csproj", "{881B0EC0-E64A-487C-B7B9-5CCA13C1B7CA}"
EndProject
Global
	GlobalSection(SolutionConfigurationPlatforms) = preSolution
		Debug|Any CPU = Debug|Any CPU
		Debug|x64 = Debug|x64
		Debug|x86 = Debug|x86
		Release|Any CPU = Release|Any CPU
		Release|x64 = Release|x64
		Release|x86 = Release|x86
	EndGlobalSection
	GlobalSection(SolutionProperties) = preSolution
		HideSolutionNode = FALSE
	EndGlobalSection
	GlobalSection(ProjectConfigurationPlatforms) = postSolution
		{953C1921-F681-4129-A2C7-3A8BE4D1BB43}.Debug|Any CPU.ActiveCfg = Debug|Any CPU
		{953C1921-F681-4129-A2C7-3A8BE4D1BB43}.Debug|Any CPU.Build.0 = Debug|Any CPU
		{953C1921-F681-4129-A2C7-3A8BE4D1BB43}.Debug|x64.ActiveCfg = Debug|Any CPU
		{953C1921-F681-4129-A2C7-3A8BE4D1BB43}.Debug|x64.Build.0 = Debug|Any CPU
		{953C1921-F681-4129-A2C7-3A8BE4D1BB43}.Debug|x86.ActiveCfg = Debug|Any CPU
		{953C1921-F681-4129-A2C7-3A8BE4D1BB43}.Debug|x86.Build.0 = Debug|Any CPU
		{953C1921-F681-4129-A2C7-3A8BE4D1BB43}.Release|Any CPU.ActiveCfg = Release|Any CPU
		{953C1921-F681-4129-A2C7-3A8BE4D1BB43}.Release|Any CPU.Build.0 = Release|Any CPU
		{953C1921-F681-4129-A2C7-3A8BE4D1BB43}.Release|x64.ActiveCfg = Release|Any CPU
		{953C1921-F681-4129-A2C7-3A8BE4D1BB43}.Release|x64.Build.0 = Release|Any CPU
		{953C1921-F681-4129-A2C7-3A8BE4D1BB43}.Release|x86.ActiveCfg = Release|Any CPU
		{953C1921-F681-4129-A2C7-3A8BE4D1BB43}.Release|x86.Build.0 = Release|Any CPU
		{3084BD95-FD7A-47BD-948E-47484FEEEAE7}.Debug|Any CPU.ActiveCfg = Debug|Any CPU
		{3084BD95-FD7A-47BD-948E-47484FEEEAE7}.Debug|Any CPU.Build.0 = Debug|Any CPU
		{3084BD95-FD7A-47BD-948E-47484FEEEAE7}.Debug|x64.ActiveCfg = Debug|Any CPU
		{3084BD95-FD7A-47BD-948E-47484FEEEAE7}.Debug|x64.Build.0 = Debug|Any CPU
		{3084BD95-FD7A-47BD-948E-47484FEEEAE7}.Debug|x86.ActiveCfg = Debug|Any CPU
		{3084BD95-FD7A-47BD-948E-47484FEEEAE7}.Debug|x86.Build.0 = Debug|Any CPU
		{3084BD95-FD7A-47BD-948E-47484FEEEAE7}.Release|Any CPU.ActiveCfg = Release|Any CPU
		{3084BD95-FD7A-47BD-948E-47484FEEEAE7}.Release|Any CPU.Build.0 = Release|Any CPU
		{3084BD95-FD7A-47BD-948E-47484FEEEAE7}.Release|x64.ActiveCfg = Release|Any CPU
		{3084BD95-FD7A-47BD-948E-47484FEEEAE7}.Release|x64.Build.0 = Release|Any CPU
		{3084BD95-FD7A-47BD-948E-47484FEEEAE7}.Release|x86.ActiveCfg = Release|Any CPU
		{3084BD95-FD7A-47BD-948E-47484FEEEAE7}.Release|x86.Build.0 = Release|Any CPU
		{881B0EC0-E64A-487C-B7B9-5CCA13C1B7CA}.Debug|Any CPU.ActiveCfg = Debug|Any CPU
		{881B0EC0-E64A-487C-B7B9-5CCA13C1B7CA}.Debug|Any CPU.Build.0 = Debug|Any CPU
		{881B0EC0-E64A-487C-B7B9-5CCA13C1B7CA}.Debug|x64.ActiveCfg = Debug|Any CPU
		{881B0EC0-E64A-487C-B7B9-5CCA13C1B7CA}.Debug|x64.Build.0 = Debug|Any CPU
		{881B0EC0-E64A-487C-B7B9-5CCA13C1B7CA}.Debug|x86.ActiveCfg = Debug|Any CPU
		{881B0EC0-E64A-487C-B7B9-5CCA13C1B7CA}.Debug|x86.Build.0 = Debug|Any CPU
		{881B0EC0-E64A-487C-B7B9-5CCA13C1B7CA}.Release|Any CPU.ActiveCfg = Release|Any CPU
		{881B0EC0-E64A-487C-B7B9-5CCA13C1B7CA}.Release|Any CPU.Build.0 = Release|Any CPU
		{881B0EC0-E64A-487C-B7B9-5CCA13C1B7CA}.Release|x64.ActiveCfg = Release|Any CPU
		{881B0EC0-E64A-487C-B7B9-5CCA13C1B7CA}.Release|x64.Build.0 = Release|Any CPU
		{881B0EC0-E64A-487C-B7B9-5CCA13C1B7CA}.Release|x86.ActiveCfg = Release|Any CPU
		{881B0EC0-E64A-487C-B7B9-5CCA13C1B7CA}.Release|x86.Build.0 = Release|Any CPU
	EndGlobalSection
EndGlobal
